{
  "version": 4,
  "terraform_version": "1.10.4",
  "serial": 3,
  "lineage": "9207c163-344b-ed0b-c1d6-0b22f22dea42",
  "outputs": {
    "vm_ip": {
      "value": "5.75.171.213",
      "type": "string"
    }
  },
  "resources": [
    {
      "mode": "managed",
      "type": "hcloud_server",
      "name": "ubuntu_vm",
      "provider": "provider[\"registry.terraform.io/hetznercloud/hcloud\"]",
      "instances": [
        {
          "schema_version": 0,
          "attributes": {
            "allow_deprecated_images": false,
            "backup_window": "",
            "backups": false,
            "datacenter": "nbg1-dc3",
            "delete_protection": false,
            "firewall_ids": [],
            "id": "61424863",
            "ignore_remote_firewall_ids": false,
            "image": "ubuntu-24.04",
            "ipv4_address": "5.75.171.213",
            "ipv6_address": "2a01:4f8:1c0c:5b6e::1",
            "ipv6_network": "2a01:4f8:1c0c:5b6e::/64",
            "iso": null,
            "keep_disk": false,
            "labels": null,
            "location": "nbg1",
            "name": "k3s-node",
            "network": [],
            "placement_group_id": 0,
            "primary_disk_size": 40,
            "public_net": [],
            "rebuild_protection": false,
            "rescue": null,
            "server_type": "cx22",
            "shutdown_before_deletion": false,
            "ssh_keys": [
              "27964013"
            ],
            "status": "running",
            "timeouts": null,
            "user_data": null
          },
          "sensitive_attributes": [],
          "private": "eyJlMmJmYjczMC1lY2FhLTExZTYtOGY4OC0zNDM2M2JjN2M0YzAiOnsiY3JlYXRlIjo1NDAwMDAwMDAwMDAwfX0=",
          "dependencies": [
            "hcloud_ssh_key.default"
          ]
        }
      ]
    },
    {
      "mode": "managed",
      "type": "hcloud_ssh_key",
      "name": "default",
      "provider": "provider[\"registry.terraform.io/hetznercloud/hcloud\"]",
      "instances": [
        {
          "schema_version": 0,
          "attributes": {
            "fingerprint": "68:c1:eb:0f:de:49:a9:1f:1a:17:c8:30:87:90:12:3f",
            "id": "27964013",
            "labels": {},
            "name": "github-action-key-k3s-node",
            "public_key": "ssh-rsa AAAAB3NzaC1yc2EAAAADAQABAAACAQDmnWM3zQl4VgSO4crTyzUWPIvKEPhEGqOKpGQh9O/5jwN6V/pxPV93q7bo6fTh7LmHkU142YS9L9vgs2Ti3UiSKS/x4pvvY7U/2UvZogGcyVDOBYGXKtt9L8afDNpA/i9EavCCorQcLiWUSnoHTmh6DtAIs5+RfiGGhGj1YS8IuyEyNZpdWdh2ucZy0/DibbhNeHyGoeCEh1sGLt1XBejCmSnm7Xin0tMgyzNQYBw0dA9nkQzxffaEbKdbhsnXr6BO1lAcn8q8U8shZQtoGvvmlvq99/YNQeb2Ti5Ae46sdrD88JCpKcKnbjsTvJnnoHVT8n9a7tpAhAXctjag/HPRPi+V3hL0lwx6FebTE4vc6er+NMBxe+r5SYZcSkqj/JUsQX5AuskeSx19oZYzOowW2y/OPwMoD7NXM2mTHM7mvQ0hM+t7yMEWtXJQM7zOnlQqgySHBwgnkhaGWnMBfyh59MV5KPnavspaRShg/lGKD0BAwoFJjeDFwuAWik7361DmoQ7EGMSpWmMZShw/JBASwGi+LJhI2fsYwOqt9EgNPQ9Brhyhmjkpi99abJtu15tR6brILlujULskaePQswp2l5Hd/WUDJBN5brVFSk1Cmx6OKj9X6f6QKlkklAoaswmAQiiWqioBaXcw8PvPG1KLaKWAnfuOQu1VSN3jMKeM8w== github-action-key"
          },
          "sensitive_attributes": [
            [
              {
                "type": "get_attr",
                "value": "public_key"
              }
            ]
          ]
        }
      ]
    }
  ],
  "check_results": null
}
